
Microsoft Visual Studio Solution File, Format Version 12.00
# Visual Studio Version 17
VisualStudioVersion = 17.14.36203.30 d17.14
MinimumVisualStudioVersion = 10.0.40219.1
Project("{54A90642-561A-4BB1-A94E-469ADEE60C69}") = "musican.client", "musican.client\musican.client.esproj", "{3A2A97D8-4389-F251-BEAA-5C565671610B}"
EndProject
Project("{FAE04EC0-301F-11D3-BF4B-00C04F79EFBC}") = "MusiCan.Server", "MusiCan.Server\MusiCan.Server.csproj", "{F867C535-7FCD-443F-9B75-3331F32DFABB}"
EndProject
Global
	GlobalSection(SolutionConfigurationPlatforms) = preSolution
		Debug|Any CPU = Debug|Any CPU
		Release|Any CPU = Release|Any CPU
	EndGlobalSection
	GlobalSection(ProjectConfigurationPlatforms) = postSolution
		{3A2A97D8-4389-F251-BEAA-5C565671610B}.Debug|Any CPU.ActiveCfg = Debug|Any CPU
		{3A2A97D8-4389-F251-BEAA-5C565671610B}.Debug|Any CPU.Build.0 = Debug|Any CPU
		{3A2A97D8-4389-F251-BEAA-5C565671610B}.Debug|Any CPU.Deploy.0 = Debug|Any CPU
		{3A2A97D8-4389-F251-BEAA-5C565671610B}.Release|Any CPU.ActiveCfg = Release|Any CPU
		{3A2A97D8-4389-F251-BEAA-5C565671610B}.Release|Any CPU.Build.0 = Release|Any CPU
		{3A2A97D8-4389-F251-BEAA-5C565671610B}.Release|Any CPU.Deploy.0 = Release|Any CPU
		{F867C535-7FCD-443F-9B75-3331F32DFABB}.Debug|Any CPU.ActiveCfg = Debug|Any CPU
		{F867C535-7FCD-443F-9B75-3331F32DFABB}.Debug|Any CPU.Build.0 = Debug|Any CPU
		{F867C535-7FCD-443F-9B75-3331F32DFABB}.Release|Any CPU.ActiveCfg = Release|Any CPU
		{F867C535-7FCD-443F-9B75-3331F32DFABB}.Release|Any CPU.Build.0 = Release|Any CPU
	EndGlobalSection
	GlobalSection(SolutionProperties) = preSolution
		HideSolutionNode = FALSE
	EndGlobalSection
	GlobalSection(ExtensibilityGlobals) = postSolution
		SolutionGuid = {1608E9A9-B269-4D40-8D2E-01606E9F5FBB}
	EndGlobalSection
EndGlobal
